
Microsoft Visual Studio Solution File, Format Version 12.00
# Visual Studio Version 16
VisualStudioVersion = 16.0.31005.135
MinimumVisualStudioVersion = 10.0.40219.1
Project("{FAE04EC0-301F-11D3-BF4B-00C04F79EFBC}") = "WPFUI", "WPFUI\WPFUI.csproj", "{42D02D4F-E2F4-4669-B5BE-087060548DA6}"
EndProject
Project("{FAE04EC0-301F-11D3-BF4B-00C04F79EFBC}") = "Engine", "Engine\Engine.csproj", "{B7F551A4-7CCB-46F5-A151-3A04FB650CD0}"
EndProject
Global
	GlobalSection(SolutionConfigurationPlatforms) = preSolution
		Debug|Any CPU = Debug|Any CPU
		Release|Any CPU = Release|Any CPU
	EndGlobalSection
	GlobalSection(ProjectConfigurationPlatforms) = postSolution
		{42D02D4F-E2F4-4669-B5BE-087060548DA6}.Debug|Any CPU.ActiveCfg = Debug|Any CPU
		{42D02D4F-E2F4-4669-B5BE-087060548DA6}.Debug|Any CPU.Build.0 = Debug|Any CPU
		{42D02D4F-E2F4-4669-B5BE-087060548DA6}.Release|Any CPU.ActiveCfg = Release|Any CPU
		{42D02D4F-E2F4-4669-B5BE-087060548DA6}.Release|Any CPU.Build.0 = Release|Any CPU
		{B7F551A4-7CCB-46F5-A151-3A04FB650CD0}.Debug|Any CPU.ActiveCfg = Debug|Any CPU
		{B7F551A4-7CCB-46F5-A151-3A04FB650CD0}.Debug|Any CPU.Build.0 = Debug|Any CPU
		{B7F551A4-7CCB-46F5-A151-3A04FB650CD0}.Release|Any CPU.ActiveCfg = Release|Any CPU
		{B7F551A4-7CCB-46F5-A151-3A04FB650CD0}.Release|Any CPU.Build.0 = Release|Any CPU
	EndGlobalSection
	GlobalSection(SolutionProperties) = preSolution
		HideSolutionNode = FALSE
	EndGlobalSection
	GlobalSection(ExtensibilityGlobals) = postSolution
		SolutionGuid = {10B2581D-530C-4C0E-A5C1-71333BAD0286}
	EndGlobalSection
EndGlobal
